
Microsoft Visual Studio Solution File, Format Version 12.00
# Visual Studio Version 16
VisualStudioVersion = 16.0.33130.400
MinimumVisualStudioVersion = 10.0.40219.1
Project("{FAE04EC0-301F-11D3-BF4B-00C04F79EFBC}") = "DiskBenchmark", "DiskBenchmark.csproj", "{35048EC0-1817-4CBE-9955-0B132C105096}"
EndProject
Global
	GlobalSection(SolutionConfigurationPlatforms) = preSolution
		Debug|Any CPU = Debug|Any CPU
		Release|Any CPU = Release|Any CPU
	EndGlobalSection
	GlobalSection(ProjectConfigurationPlatforms) = postSolution
		{35048EC0-1817-4CBE-9955-0B132C105096}.Debug|Any CPU.ActiveCfg = Debug|Any CPU
		{35048EC0-1817-4CBE-9955-0B132C105096}.Debug|Any CPU.Build.0 = Debug|Any CPU
		{35048EC0-1817-4CBE-9955-0B132C105096}.Release|Any CPU.ActiveCfg = Release|Any CPU
		{35048EC0-1817-4CBE-9955-0B132C105096}.Release|Any CPU.Build.0 = Release|Any CPU
	EndGlobalSection
	GlobalSection(SolutionProperties) = preSolution
		HideSolutionNode = FALSE
	EndGlobalSection
	GlobalSection(ExtensibilityGlobals) = postSolution
		SolutionGuid = {105A9F7A-8DB3-40EC-9F7D-89A5871E2E1B}
	EndGlobalSection
EndGlobal
